
Microsoft Visual Studio Solution File, Format Version 12.00
# Visual Studio 15
VisualStudioVersion = 15.0.27703.2042
MinimumVisualStudioVersion = 10.0.40219.1
Project("{FAE04EC0-301F-11D3-BF4B-00C04F79EFBC}") = "WindowsFormsApp1", "WindowsFormsApp1\WindowsFormsApp1.csproj", "{DDBD66C0-B023-43CF-B482-1C70B0605610}"
EndProject
Global
	GlobalSection(SolutionConfigurationPlatforms) = preSolution
		Debug|Any CPU = Debug|Any CPU
		Release|Any CPU = Release|Any CPU
	EndGlobalSection
	GlobalSection(ProjectConfigurationPlatforms) = postSolution
		{DDBD66C0-B023-43CF-B482-1C70B0605610}.Debug|Any CPU.ActiveCfg = Debug|Any CPU
		{DDBD66C0-B023-43CF-B482-1C70B0605610}.Debug|Any CPU.Build.0 = Debug|Any CPU
		{DDBD66C0-B023-43CF-B482-1C70B0605610}.Release|Any CPU.ActiveCfg = Release|Any CPU
		{DDBD66C0-B023-43CF-B482-1C70B0605610}.Release|Any CPU.Build.0 = Release|Any CPU
	EndGlobalSection
	GlobalSection(SolutionProperties) = preSolution
		HideSolutionNode = FALSE
	EndGlobalSection
	GlobalSection(ExtensibilityGlobals) = postSolution
		SolutionGuid = {28227B77-5740-4F2D-8539-E1236A087062}
	EndGlobalSection
EndGlobal
